<?xml version="1.0" encoding="utf-8"?>
<Project ToolsVersion="4.0" xmlns="http://schemas.microsoft.com/developer/msbuild/2003">
  <ItemGroup>
    <Filter Include="Source Files">
      <UniqueIdentifier>{4FC737F1-C7A5-4376-A066-2A32D752A2FF}</UniqueIdentifier>
      <Extensions>cpp;c;cc;cxx;def;odl;idl;hpj;bat;asm;asmx</Extensions>
    </Filter>
    <Filter Include="Resource Files">
      <UniqueIdentifier>{67DA6AB6-F800-4c08-8B7A-83BB121AAD01}</UniqueIdentifier>
      <Extensions>rc;ico;cur;bmp;dlg;rc2;rct;bin;rgs;gif;jpg;jpeg;jpe;resx;tiff;tif;png;wav;mfcribbon-ms</Extensions>
    </Filter>
    <Filter Include="Header Files">
      <UniqueIdentifier>{93995380-89BD-4b04-88EB-625FBE52EBFB}</UniqueIdentifier>
      <Extensions>h;hpp;hxx;hm;inl;inc;xsd</Extensions>
    </Filter>
  </ItemGroup>
  <ItemGroup>
    <ClCompile Include="..\..\cobc\pplex.c">
      <Filter>Source Files</Filter>
    </ClCompile>
    <ClCompile Include="..\..\cobc\ppparse.c">
      <Filter>Source Files</Filter>
    </ClCompile>
    <ClCompile Include="..\..\cobc\scanner.c">
      <Filter>Source Files</Filter>
    </ClCompile>
    <ClCompile Include="..\..\cobc\cobc.c">
      <Filter>Source Files</Filter>
    </ClCompile>
    <ClCompile Include="..\..\cobc\codegen.c">
      <Filter>Source Files</Filter>
    </ClCompile>
    <ClCompile Include="..\..\cobc\config.c">
      <Filter>Source Files</Filter>
    </ClCompile>
    <ClCompile Include="..\..\cobc\error.c">
      <Filter>Source Files</Filter>
    </ClCompile>
    <ClCompile Include="..\..\cobc\field.c">
      <Filter>Source Files</Filter>
    </ClCompile>
    <ClCompile Include="..\..\cobc\reserved.c">
      <Filter>Source Files</Filter>
    </ClCompile>
    <ClCompile Include="..\..\cobc\tree.c">
      <Filter>Source Files</Filter>
    </ClCompile>
    <ClCompile Include="..\..\cobc\typeck.c">
      <Filter>Source Files</Filter>
    </ClCompile>
    <ClCompile Include="..\..\lib\getopt.c">
      <Filter>Source Files</Filter>
    </ClCompile>
    <ClCompile Include="..\..\lib\getopt1.c">
      <Filter>Source Files</Filter>
    </ClCompile>
    <ClCompile Include="..\..\cobc\parser.c">
      <Filter>Source Files</Filter>
    </ClCompile>
  </ItemGroup>
  <ItemGroup>
    <ClInclude Include="..\..\cobc\cobc.h">
      <Filter>Header Files</Filter>
    </ClInclude>
    <ClInclude Include="..\..\cobc\ppparse.h">
      <Filter>Header Files</Filter>
    </ClInclude>
    <ClInclude Include="..\..\cobc\tree.h">
      <Filter>Header Files</Filter>
    </ClInclude>
    <ClInclude Include="..\..\libcob\codegen.h">
      <Filter>Header Files</Filter>
    </ClInclude>
    <ClInclude Include="..\..\cobc\parser.h">
      <Filter>Header Files</Filter>
    </ClInclude>
    <ClInclude Include="..\config.h">
      <Filter>Header Files</Filter>
    </ClInclude>
    <ClInclude Include="..\..\lib\getopt.h">
      <Filter>Header Files</Filter>
    </ClInclude>
    <ClInclude Include="..\..\lib\gettext.h">
      <Filter>Header Files</Filter>
    </ClInclude>
    <ClInclude Include="..\..\libcob.h">
      <Filter>Header Files</Filter>
    </ClInclude>
    <ClInclude Include="..\defaults.h">
      <Filter>Header Files</Filter>
    </ClInclude>
    <ClInclude Include="..\..\tarstamp.h">
      <Filter>Header Files</Filter>
    </ClInclude>
  </ItemGroup>
  <ItemGroup>
    <None Include="..\..\cobc\warning.def">
      <Filter>Source Files</Filter>
    </None>
    <None Include="..\..\cobc\flag.def">
      <Filter>Source Files</Filter>
    </None>
    <None Include="..\..\cobc\config.def">
      <Filter>Source Files</Filter>
    </None>
  </ItemGroup>
</Project>