<?xml version="1.0" encoding="utf-8"?>
<Project ToolsVersion="4.0" xmlns="http://schemas.microsoft.com/developer/msbuild/2003">
  <ItemGroup>
    <Filter Include="Header Files">
      <UniqueIdentifier>{93995380-89BD-4b04-88EB-625FBE52EBFB}</UniqueIdentifier>
      <Extensions>h;hpp;hxx;hm;inl;inc;xsd</Extensions>
    </Filter>
    <Filter Include="Source Files">
      <UniqueIdentifier>{4FC737F1-C7A5-4376-A066-2A32D752A2FF}</UniqueIdentifier>
      <Extensions>cpp;c;cc;cxx;def;odl;idl;hpj;bat;asm;asmx</Extensions>
    </Filter>
    <Filter Include="Resource Files">
      <UniqueIdentifier>{67DA6AB6-F800-4c08-8B7A-83BB121AAD01}</UniqueIdentifier>
      <Extensions>rc;ico;cur;bmp;dlg;rc2;rct;bin;rgs;gif;jpg;jpeg;jpe;resx;tiff;tif;png;wav;mfcribbon-ms</Extensions>
    </Filter>
  </ItemGroup>
  <ItemGroup>
    <ClInclude Include="..\..\vbisam\libvbisam\byteswap.h">
      <Filter>Header Files</Filter>
    </ClInclude>
    <ClInclude Include="..\..\vbisam\libvbisam\isinternal.h">
      <Filter>Header Files</Filter>
    </ClInclude>
    <ClInclude Include="..\..\vbisam\vbdecimal.h">
      <Filter>Header Files</Filter>
    </ClInclude>
    <ClInclude Include="..\..\vbisam\vbisam.h">
      <Filter>Header Files</Filter>
    </ClInclude>
    <ClInclude Include="config.h">
      <Filter>Header Files</Filter>
    </ClInclude>
  </ItemGroup>
  <ItemGroup>
    <ClCompile Include="..\..\vbisam\libvbisam\isaudit.c">
      <Filter>Source Files</Filter>
    </ClCompile>
    <ClCompile Include="..\..\vbisam\libvbisam\isbuild.c">
      <Filter>Source Files</Filter>
    </ClCompile>
    <ClCompile Include="..\..\vbisam\libvbisam\ischeck.c">
      <Filter>Source Files</Filter>
    </ClCompile>
    <ClCompile Include="..\..\vbisam\libvbisam\iscommon.c">
      <Filter>Source Files</Filter>
    </ClCompile>
    <ClCompile Include="..\..\vbisam\libvbisam\isdecimal.c">
      <Filter>Source Files</Filter>
    </ClCompile>
    <ClCompile Include="..\..\vbisam\libvbisam\isdelete.c">
      <Filter>Source Files</Filter>
    </ClCompile>
    <ClCompile Include="..\..\vbisam\libvbisam\ishelper.c">
      <Filter>Source Files</Filter>
    </ClCompile>
    <ClCompile Include="..\..\vbisam\libvbisam\isopen.c">
      <Filter>Source Files</Filter>
    </ClCompile>
    <ClCompile Include="..\..\vbisam\libvbisam\isread.c">
      <Filter>Source Files</Filter>
    </ClCompile>
    <ClCompile Include="..\..\vbisam\libvbisam\isrecover.c">
      <Filter>Source Files</Filter>
    </ClCompile>
    <ClCompile Include="..\..\vbisam\libvbisam\isrewrite.c">
      <Filter>Source Files</Filter>
    </ClCompile>
    <ClCompile Include="..\..\vbisam\libvbisam\istrans.c">
      <Filter>Source Files</Filter>
    </ClCompile>
    <ClCompile Include="..\..\vbisam\libvbisam\iswrite.c">
      <Filter>Source Files</Filter>
    </ClCompile>
    <ClCompile Include="..\..\vbisam\libvbisam\vbdataio.c">
      <Filter>Source Files</Filter>
    </ClCompile>
    <ClCompile Include="..\..\vbisam\libvbisam\vbindexio.c">
      <Filter>Source Files</Filter>
    </ClCompile>
    <ClCompile Include="..\..\vbisam\libvbisam\vbkeysio.c">
      <Filter>Source Files</Filter>
    </ClCompile>
    <ClCompile Include="..\..\vbisam\libvbisam\vblocking.c">
      <Filter>Source Files</Filter>
    </ClCompile>
    <ClCompile Include="..\..\vbisam\libvbisam\vblowlevel.c">
      <Filter>Source Files</Filter>
    </ClCompile>
    <ClCompile Include="..\..\vbisam\libvbisam\vbmemio.c">
      <Filter>Source Files</Filter>
    </ClCompile>
    <ClCompile Include="..\..\vbisam\libvbisam\vbnodememio.c">
      <Filter>Source Files</Filter>
    </ClCompile>
  </ItemGroup>
</Project>